
Microsoft Visual Studio Solution File, Format Version 12.00
# Visual Studio 15
VisualStudioVersion = 15.0.28307.168
MinimumVisualStudioVersion = 10.0.40219.1
Project("{FAE04EC0-301F-11D3-BF4B-00C04F79EFBC}") = "MVC_Management", "MVC_Management\MVC_Management.csproj", "{A7E390DE-6946-4B80-AB74-343D55FF265F}"
EndProject
Global
	GlobalSection(SolutionConfigurationPlatforms) = preSolution
		Debug|Any CPU = Debug|Any CPU
		Release|Any CPU = Release|Any CPU
	EndGlobalSection
	GlobalSection(ProjectConfigurationPlatforms) = postSolution
		{A7E390DE-6946-4B80-AB74-343D55FF265F}.Debug|Any CPU.ActiveCfg = Debug|Any CPU
		{A7E390DE-6946-4B80-AB74-343D55FF265F}.Debug|Any CPU.Build.0 = Debug|Any CPU
		{A7E390DE-6946-4B80-AB74-343D55FF265F}.Release|Any CPU.ActiveCfg = Release|Any CPU
		{A7E390DE-6946-4B80-AB74-343D55FF265F}.Release|Any CPU.Build.0 = Release|Any CPU
	EndGlobalSection
	GlobalSection(SolutionProperties) = preSolution
		HideSolutionNode = FALSE
	EndGlobalSection
	GlobalSection(ExtensibilityGlobals) = postSolution
		SolutionGuid = {30B15AEB-E647-4400-9F2D-BE70E345FA29}
	EndGlobalSection
EndGlobal
